// !$*UTF8*$!
{
	archiveVersion = 1;
	classes = {
	};
	objectVersion = 55;
	objects = {

/* Begin PBXBuildFile section */
		5532F21627D6097100F6FF59 /* MovieListState.swift in Sources */ = {isa = PBXBuildFile; fileRef = 5532F21527D6097100F6FF59 /* MovieListState.swift */; };
		5532F21827D610E200F6FF59 /* LoadingView.swift in Sources */ = {isa = PBXBuildFile; fileRef = 5532F21727D610E200F6FF59 /* LoadingView.swift */; };
		5532F21A27D6332F00F6FF59 /* MovieDetailState.swift in Sources */ = {isa = PBXBuildFile; fileRef = 5532F21927D6332F00F6FF59 /* MovieDetailState.swift */; };
		55370F7427CE3C62006CF5CB /* MovieListApp.swift in Sources */ = {isa = PBXBuildFile; fileRef = 55370F7327CE3C62006CF5CB /* MovieListApp.swift */; };
		55370F7627CE3C62006CF5CB /* ContentView.swift in Sources */ = {isa = PBXBuildFile; fileRef = 55370F7527CE3C62006CF5CB /* ContentView.swift */; };
		55370F7827CE3C63006CF5CB /* Assets.xcassets in Resources */ = {isa = PBXBuildFile; fileRef = 55370F7727CE3C63006CF5CB /* Assets.xcassets */; };
		55370F7B27CE3C63006CF5CB /* Preview Assets.xcassets in Resources */ = {isa = PBXBuildFile; fileRef = 55370F7A27CE3C63006CF5CB /* Preview Assets.xcassets */; };
		55370F8527CE3C63006CF5CB /* MovieListTests.swift in Sources */ = {isa = PBXBuildFile; fileRef = 55370F8427CE3C63006CF5CB /* MovieListTests.swift */; };
		55370F8F27CE3C63006CF5CB /* MovieListUITests.swift in Sources */ = {isa = PBXBuildFile; fileRef = 55370F8E27CE3C63006CF5CB /* MovieListUITests.swift */; };
		55370F9127CE3C63006CF5CB /* MovieListUITestsLaunchTests.swift in Sources */ = {isa = PBXBuildFile; fileRef = 55370F9027CE3C63006CF5CB /* MovieListUITestsLaunchTests.swift */; };
		55370FA127CE3D83006CF5CB /* Movie.swift in Sources */ = {isa = PBXBuildFile; fileRef = 55370FA027CE3D83006CF5CB /* Movie.swift */; };
		55370FA627CE4064006CF5CB /* MovieHomeView.swift in Sources */ = {isa = PBXBuildFile; fileRef = 55370FA527CE4064006CF5CB /* MovieHomeView.swift */; };
		55370FA827CE4DC9006CF5CB /* MovieRow.swift in Sources */ = {isa = PBXBuildFile; fileRef = 55370FA727CE4DC9006CF5CB /* MovieRow.swift */; };
		55370FAA27CE69FB006CF5CB /* MovieDetailView.swift in Sources */ = {isa = PBXBuildFile; fileRef = 55370FA927CE69FB006CF5CB /* MovieDetailView.swift */; };
		553F939F27D8D729003F67CC /* ImageLoader.swift in Sources */ = {isa = PBXBuildFile; fileRef = 553F939E27D8D729003F67CC /* ImageLoader.swift */; };
		553F93A127D8E7F4003F67CC /* MovieSearchView.swift in Sources */ = {isa = PBXBuildFile; fileRef = 553F93A027D8E7F4003F67CC /* MovieSearchView.swift */; };
		553F93A427DA0C34003F67CC /* MovieSearchState.swift in Sources */ = {isa = PBXBuildFile; fileRef = 553F93A327DA0C34003F67CC /* MovieSearchState.swift */; };
		559BE32B27D0DAE100FB2321 /* APIService.swift in Sources */ = {isa = PBXBuildFile; fileRef = 559BE32A27D0DAE100FB2321 /* APIService.swift */; };
		559BE32D27D0DC4800FB2321 /* APIError.swift in Sources */ = {isa = PBXBuildFile; fileRef = 559BE32C27D0DC4800FB2321 /* APIError.swift */; };
		55DE9E2727DF5A6D000AF7C1 /* FavoriteHandler.swift in Sources */ = {isa = PBXBuildFile; fileRef = 55DE9E2627DF5A6D000AF7C1 /* FavoriteHandler.swift */; };
		55DE9E6527E07AB7000AF7C1 /* MovieList.xcdatamodeld in Sources */ = {isa = PBXBuildFile; fileRef = 55DE9E6327E07AB7000AF7C1 /* MovieList.xcdatamodeld */; };
		55DE9E6727E07B88000AF7C1 /* Persistence.swift in Sources */ = {isa = PBXBuildFile; fileRef = 55DE9E6627E07B88000AF7C1 /* Persistence.swift */; };
		55DE9E6927E0939A000AF7C1 /* FavoriteView.swift in Sources */ = {isa = PBXBuildFile; fileRef = 55DE9E6827E0939A000AF7C1 /* FavoriteView.swift */; };
/* End PBXBuildFile section */

/* Begin PBXContainerItemProxy section */
		55370F8127CE3C63006CF5CB /* PBXContainerItemProxy */ = {
			isa = PBXContainerItemProxy;
			containerPortal = 55370F6827CE3C62006CF5CB /* Project object */;
			proxyType = 1;
			remoteGlobalIDString = 55370F6F27CE3C62006CF5CB;
			remoteInfo = MovieList;
		};
		55370F8B27CE3C63006CF5CB /* PBXContainerItemProxy */ = {
			isa = PBXContainerItemProxy;
			containerPortal = 55370F6827CE3C62006CF5CB /* Project object */;
			proxyType = 1;
			remoteGlobalIDString = 55370F6F27CE3C62006CF5CB;
			remoteInfo = MovieList;
		};
/* End PBXContainerItemProxy section */

/* Begin PBXFileReference section */
		5532F21527D6097100F6FF59 /* MovieListState.swift */ = {isa = PBXFileReference; lastKnownFileType = sourcecode.swift; path = MovieListState.swift; sourceTree = "<group>"; };
		5532F21727D610E200F6FF59 /* LoadingView.swift */ = {isa = PBXFileReference; lastKnownFileType = sourcecode.swift; path = LoadingView.swift; sourceTree = "<group>"; };
		5532F21927D6332F00F6FF59 /* MovieDetailState.swift */ = {isa = PBXFileReference; lastKnownFileType = sourcecode.swift; path = MovieDetailState.swift; sourceTree = "<group>"; };
		55370F7027CE3C62006CF5CB /* MovieList.app */ = {isa = PBXFileReference; explicitFileType = wrapper.application; includeInIndex = 0; path = MovieList.app; sourceTree = BUILT_PRODUCTS_DIR; };
		55370F7327CE3C62006CF5CB /* MovieListApp.swift */ = {isa = PBXFileReference; lastKnownFileType = sourcecode.swift; path = MovieListApp.swift; sourceTree = "<group>"; };
		55370F7527CE3C62006CF5CB /* ContentView.swift */ = {isa = PBXFileReference; lastKnownFileType = sourcecode.swift; path = ContentView.swift; sourceTree = "<group>"; };
		55370F7727CE3C63006CF5CB /* Assets.xcassets */ = {isa = PBXFileReference; lastKnownFileType = folder.assetcatalog; path = Assets.xcassets; sourceTree = "<group>"; };
		55370F7A27CE3C63006CF5CB /* Preview Assets.xcassets */ = {isa = PBXFileReference; lastKnownFileType = folder.assetcatalog; path = "Preview Assets.xcassets"; sourceTree = "<group>"; };
		55370F8027CE3C63006CF5CB /* MovieListTests.xctest */ = {isa = PBXFileReference; explicitFileType = wrapper.cfbundle; includeInIndex = 0; path = MovieListTests.xctest; sourceTree = BUILT_PRODUCTS_DIR; };
		55370F8427CE3C63006CF5CB /* MovieListTests.swift */ = {isa = PBXFileReference; lastKnownFileType = sourcecode.swift; path = MovieListTests.swift; sourceTree = "<group>"; };
		55370F8A27CE3C63006CF5CB /* MovieListUITests.xctest */ = {isa = PBXFileReference; explicitFileType = wrapper.cfbundle; includeInIndex = 0; path = MovieListUITests.xctest; sourceTree = BUILT_PRODUCTS_DIR; };
		55370F8E27CE3C63006CF5CB /* MovieListUITests.swift */ = {isa = PBXFileReference; lastKnownFileType = sourcecode.swift; path = MovieListUITests.swift; sourceTree = "<group>"; };
		55370F9027CE3C63006CF5CB /* MovieListUITestsLaunchTests.swift */ = {isa = PBXFileReference; lastKnownFileType = sourcecode.swift; path = MovieListUITestsLaunchTests.swift; sourceTree = "<group>"; };
		55370FA027CE3D83006CF5CB /* Movie.swift */ = {isa = PBXFileReference; lastKnownFileType = sourcecode.swift; path = Movie.swift; sourceTree = "<group>"; };
		55370FA527CE4064006CF5CB /* MovieHomeView.swift */ = {isa = PBXFileReference; lastKnownFileType = sourcecode.swift; path = MovieHomeView.swift; sourceTree = "<group>"; };
		55370FA727CE4DC9006CF5CB /* MovieRow.swift */ = {isa = PBXFileReference; lastKnownFileType = sourcecode.swift; path = MovieRow.swift; sourceTree = "<group>"; };
		55370FA927CE69FB006CF5CB /* MovieDetailView.swift */ = {isa = PBXFileReference; lastKnownFileType = sourcecode.swift; path = MovieDetailView.swift; sourceTree = "<group>"; };
		553F939E27D8D729003F67CC /* ImageLoader.swift */ = {isa = PBXFileReference; lastKnownFileType = sourcecode.swift; path = ImageLoader.swift; sourceTree = "<group>"; };
		553F93A027D8E7F4003F67CC /* MovieSearchView.swift */ = {isa = PBXFileReference; lastKnownFileType = sourcecode.swift; path = MovieSearchView.swift; sourceTree = "<group>"; };
		553F93A327DA0C34003F67CC /* MovieSearchState.swift */ = {isa = PBXFileReference; lastKnownFileType = sourcecode.swift; path = MovieSearchState.swift; sourceTree = "<group>"; };
		559BE32A27D0DAE100FB2321 /* APIService.swift */ = {isa = PBXFileReference; lastKnownFileType = sourcecode.swift; path = APIService.swift; sourceTree = "<group>"; };
		559BE32C27D0DC4800FB2321 /* APIError.swift */ = {isa = PBXFileReference; lastKnownFileType = sourcecode.swift; path = APIError.swift; sourceTree = "<group>"; };
		55DE9E2627DF5A6D000AF7C1 /* FavoriteHandler.swift */ = {isa = PBXFileReference; lastKnownFileType = sourcecode.swift; path = FavoriteHandler.swift; sourceTree = "<group>"; };
		55DE9E6427E07AB7000AF7C1 /* MovieList.xcdatamodel */ = {isa = PBXFileReference; lastKnownFileType = wrapper.xcdatamodel; path = MovieList.xcdatamodel; sourceTree = "<group>"; };
		55DE9E6627E07B88000AF7C1 /* Persistence.swift */ = {isa = PBXFileReference; lastKnownFileType = sourcecode.swift; path = Persistence.swift; sourceTree = "<group>"; };
		55DE9E6827E0939A000AF7C1 /* FavoriteView.swift */ = {isa = PBXFileReference; lastKnownFileType = sourcecode.swift; path = FavoriteView.swift; sourceTree = "<group>"; };
/* End PBXFileReference section */

/* Begin PBXFrameworksBuildPhase section */
		55370F6D27CE3C62006CF5CB /* Frameworks */ = {
			isa = PBXFrameworksBuildPhase;
			buildActionMask = 2147483647;
			files = (
			);
			runOnlyForDeploymentPostprocessing = 0;
		};
		55370F7D27CE3C63006CF5CB /* Frameworks */ = {
			isa = PBXFrameworksBuildPhase;
			buildActionMask = 2147483647;
			files = (
			);
			runOnlyForDeploymentPostprocessing = 0;
		};
		55370F8727CE3C63006CF5CB /* Frameworks */ = {
			isa = PBXFrameworksBuildPhase;
			buildActionMask = 2147483647;
			files = (
			);
			runOnlyForDeploymentPostprocessing = 0;
		};
/* End PBXFrameworksBuildPhase section */

/* Begin PBXGroup section */
		55370F6727CE3C62006CF5CB = {
			isa = PBXGroup;
			children = (
				55370F7227CE3C62006CF5CB /* MovieList */,
				55370F8327CE3C63006CF5CB /* MovieListTests */,
				55370F8D27CE3C63006CF5CB /* MovieListUITests */,
				55370F7127CE3C62006CF5CB /* Products */,
			);
			sourceTree = "<group>";
		};
		55370F7127CE3C62006CF5CB /* Products */ = {
			isa = PBXGroup;
			children = (
				55370F7027CE3C62006CF5CB /* MovieList.app */,
				55370F8027CE3C63006CF5CB /* MovieListTests.xctest */,
				55370F8A27CE3C63006CF5CB /* MovieListUITests.xctest */,
			);
			name = Products;
			sourceTree = "<group>";
		};
		55370F7227CE3C62006CF5CB /* MovieList */ = {
			isa = PBXGroup;
			children = (
				55370F7327CE3C62006CF5CB /* MovieListApp.swift */,
				55370F7527CE3C62006CF5CB /* ContentView.swift */,
				553F93A227DA0866003F67CC /* states */,
				55370F9D27CE3D0A006CF5CB /* view */,
				55370F9F27CE3D47006CF5CB /* networking */,
				55370F9E27CE3D42006CF5CB /* model */,
				55DE9E6327E07AB7000AF7C1 /* MovieList.xcdatamodeld */,
				55370F7727CE3C63006CF5CB /* Assets.xcassets */,
				55370F7927CE3C63006CF5CB /* Preview Content */,
			);
			path = MovieList;
			sourceTree = "<group>";
		};
		55370F7927CE3C63006CF5CB /* Preview Content */ = {
			isa = PBXGroup;
			children = (
				55370F7A27CE3C63006CF5CB /* Preview Assets.xcassets */,
			);
			path = "Preview Content";
			sourceTree = "<group>";
		};
		55370F8327CE3C63006CF5CB /* MovieListTests */ = {
			isa = PBXGroup;
			children = (
				55370F8427CE3C63006CF5CB /* MovieListTests.swift */,
			);
			path = MovieListTests;
			sourceTree = "<group>";
		};
		55370F8D27CE3C63006CF5CB /* MovieListUITests */ = {
			isa = PBXGroup;
			children = (
				55370F8E27CE3C63006CF5CB /* MovieListUITests.swift */,
				55370F9027CE3C63006CF5CB /* MovieListUITestsLaunchTests.swift */,
			);
			path = MovieListUITests;
			sourceTree = "<group>";
		};
		55370F9D27CE3D0A006CF5CB /* view */ = {
			isa = PBXGroup;
			children = (
				55370FA527CE4064006CF5CB /* MovieHomeView.swift */,
				55DE9E6827E0939A000AF7C1 /* FavoriteView.swift */,
				55370FA727CE4DC9006CF5CB /* MovieRow.swift */,
				55370FA927CE69FB006CF5CB /* MovieDetailView.swift */,
				5532F21727D610E200F6FF59 /* LoadingView.swift */,
				553F93A027D8E7F4003F67CC /* MovieSearchView.swift */,
			);
			path = view;
			sourceTree = "<group>";
		};
		55370F9E27CE3D42006CF5CB /* model */ = {
			isa = PBXGroup;
			children = (
				55370FA027CE3D83006CF5CB /* Movie.swift */,
				55DE9E6627E07B88000AF7C1 /* Persistence.swift */,
			);
			path = model;
			sourceTree = "<group>";
		};
		55370F9F27CE3D47006CF5CB /* networking */ = {
			isa = PBXGroup;
			children = (
				559BE32A27D0DAE100FB2321 /* APIService.swift */,
				559BE32C27D0DC4800FB2321 /* APIError.swift */,
				553F939E27D8D729003F67CC /* ImageLoader.swift */,
				55DE9E2627DF5A6D000AF7C1 /* FavoriteHandler.swift */,
			);
			path = networking;
			sourceTree = "<group>";
		};
		553F93A227DA0866003F67CC /* states */ = {
			isa = PBXGroup;
			children = (
				5532F21527D6097100F6FF59 /* MovieListState.swift */,
				5532F21927D6332F00F6FF59 /* MovieDetailState.swift */,
				553F93A327DA0C34003F67CC /* MovieSearchState.swift */,
			);
			path = states;
			sourceTree = "<group>";
		};
/* End PBXGroup section */

/* Begin PBXNativeTarget section */
		55370F6F27CE3C62006CF5CB /* MovieList */ = {
			isa = PBXNativeTarget;
			buildConfigurationList = 55370F9427CE3C63006CF5CB /* Build configuration list for PBXNativeTarget "MovieList" */;
			buildPhases = (
				55370F6C27CE3C62006CF5CB /* Sources */,
				55370F6D27CE3C62006CF5CB /* Frameworks */,
				55370F6E27CE3C62006CF5CB /* Resources */,
			);
			buildRules = (
			);
			dependencies = (
			);
			name = MovieList;
			productName = MovieList;
			productReference = 55370F7027CE3C62006CF5CB /* MovieList.app */;
			productType = "com.apple.product-type.application";
		};
		55370F7F27CE3C63006CF5CB /* MovieListTests */ = {
			isa = PBXNativeTarget;
			buildConfigurationList = 55370F9727CE3C63006CF5CB /* Build configuration list for PBXNativeTarget "MovieListTests" */;
			buildPhases = (
				55370F7C27CE3C63006CF5CB /* Sources */,
				55370F7D27CE3C63006CF5CB /* Frameworks */,
				55370F7E27CE3C63006CF5CB /* Resources */,
			);
			buildRules = (
			);
			dependencies = (
				55370F8227CE3C63006CF5CB /* PBXTargetDependency */,
			);
			name = MovieListTests;
			productName = MovieListTests;
			productReference = 55370F8027CE3C63006CF5CB /* MovieListTests.xctest */;
			productType = "com.apple.product-type.bundle.unit-test";
		};
		55370F8927CE3C63006CF5CB /* MovieListUITests */ = {
			isa = PBXNativeTarget;
			buildConfigurationList = 55370F9A27CE3C63006CF5CB /* Build configuration list for PBXNativeTarget "MovieListUITests" */;
			buildPhases = (
				55370F8627CE3C63006CF5CB /* Sources */,
				55370F8727CE3C63006CF5CB /* Frameworks */,
				55370F8827CE3C63006CF5CB /* Resources */,
			);
			buildRules = (
			);
			dependencies = (
				55370F8C27CE3C63006CF5CB /* PBXTargetDependency */,
			);
			name = MovieListUITests;
			productName = MovieListUITests;
			productReference = 55370F8A27CE3C63006CF5CB /* MovieListUITests.xctest */;
			productType = "com.apple.product-type.bundle.ui-testing";
		};
/* End PBXNativeTarget section */

/* Begin PBXProject section */
		55370F6827CE3C62006CF5CB /* Project object */ = {
			isa = PBXProject;
			attributes = {
				BuildIndependentTargetsInParallel = 1;
				LastSwiftUpdateCheck = 1320;
				LastUpgradeCheck = 1320;
				TargetAttributes = {
					55370F6F27CE3C62006CF5CB = {
						CreatedOnToolsVersion = 13.2.1;
					};
					55370F7F27CE3C63006CF5CB = {
						CreatedOnToolsVersion = 13.2.1;
						TestTargetID = 55370F6F27CE3C62006CF5CB;
					};
					55370F8927CE3C63006CF5CB = {
						CreatedOnToolsVersion = 13.2.1;
						TestTargetID = 55370F6F27CE3C62006CF5CB;
					};
				};
			};
			buildConfigurationList = 55370F6B27CE3C62006CF5CB /* Build configuration list for PBXProject "MovieList" */;
			compatibilityVersion = "Xcode 13.0";
			developmentRegion = en;
			hasScannedForEncodings = 0;
			knownRegions = (
				en,
				Base,
			);
			mainGroup = 55370F6727CE3C62006CF5CB;
			productRefGroup = 55370F7127CE3C62006CF5CB /* Products */;
			projectDirPath = "";
			projectRoot = "";
			targets = (
				55370F6F27CE3C62006CF5CB /* MovieList */,
				55370F7F27CE3C63006CF5CB /* MovieListTests */,
				55370F8927CE3C63006CF5CB /* MovieListUITests */,
			);
		};
/* End PBXProject section */

/* Begin PBXResourcesBuildPhase section */
		55370F6E27CE3C62006CF5CB /* Resources */ = {
			isa = PBXResourcesBuildPhase;
			buildActionMask = 2147483647;
			files = (
				55370F7B27CE3C63006CF5CB /* Preview Assets.xcassets in Resources */,
				55370F7827CE3C63006CF5CB /* Assets.xcassets in Resources */,
			);
			runOnlyForDeploymentPostprocessing = 0;
		};
		55370F7E27CE3C63006CF5CB /* Resources */ = {
			isa = PBXResourcesBuildPhase;
			buildActionMask = 2147483647;
			files = (
			);
			runOnlyForDeploymentPostprocessing = 0;
		};
		55370F8827CE3C63006CF5CB /* Resources */ = {
			isa = PBXResourcesBuildPhase;
			buildActionMask = 2147483647;
			files = (
			);
			runOnlyForDeploymentPostprocessing = 0;
		};
/* End PBXResourcesBuildPhase section */

/* Begin PBXSourcesBuildPhase section */
		55370F6C27CE3C62006CF5CB /* Sources */ = {
			isa = PBXSourcesBuildPhase;
			buildActionMask = 2147483647;
			files = (
				55370F7627CE3C62006CF5CB /* ContentView.swift in Sources */,
				553F93A127D8E7F4003F67CC /* MovieSearchView.swift in Sources */,
				55DE9E6727E07B88000AF7C1 /* Persistence.swift in Sources */,
				55370FA827CE4DC9006CF5CB /* MovieRow.swift in Sources */,
				5532F21627D6097100F6FF59 /* MovieListState.swift in Sources */,
				5532F21827D610E200F6FF59 /* LoadingView.swift in Sources */,
				55370F7427CE3C62006CF5CB /* MovieListApp.swift in Sources */,
				55370FA627CE4064006CF5CB /* MovieHomeView.swift in Sources */,
				55370FA127CE3D83006CF5CB /* Movie.swift in Sources */,
				559BE32B27D0DAE100FB2321 /* APIService.swift in Sources */,
				5532F21A27D6332F00F6FF59 /* MovieDetailState.swift in Sources */,
				55DE9E6527E07AB7000AF7C1 /* MovieList.xcdatamodeld in Sources */,
				55370FAA27CE69FB006CF5CB /* MovieDetailView.swift in Sources */,
				553F93A427DA0C34003F67CC /* MovieSearchState.swift in Sources */,
				559BE32D27D0DC4800FB2321 /* APIError.swift in Sources */,
				55DE9E2727DF5A6D000AF7C1 /* FavoriteHandler.swift in Sources */,
				55DE9E6927E0939A000AF7C1 /* FavoriteView.swift in Sources */,
				553F939F27D8D729003F67CC /* ImageLoader.swift in Sources */,
			);
			runOnlyForDeploymentPostprocessing = 0;
		};
		55370F7C27CE3C63006CF5CB /* Sources */ = {
			isa = PBXSourcesBuildPhase;
			buildActionMask = 2147483647;
			files = (
				55370F8527CE3C63006CF5CB /* MovieListTests.swift in Sources */,
			);
			runOnlyForDeploymentPostprocessing = 0;
		};
		55370F8627CE3C63006CF5CB /* Sources */ = {
			isa = PBXSourcesBuildPhase;
			buildActionMask = 2147483647;
			files = (
				55370F8F27CE3C63006CF5CB /* MovieListUITests.swift in Sources */,
				55370F9127CE3C63006CF5CB /* MovieListUITestsLaunchTests.swift in Sources */,
			);
			runOnlyForDeploymentPostprocessing = 0;
		};
/* End PBXSourcesBuildPhase section */

/* Begin PBXTargetDependency section */
		55370F8227CE3C63006CF5CB /* PBXTargetDependency */ = {
			isa = PBXTargetDependency;
			target = 55370F6F27CE3C62006CF5CB /* MovieList */;
			targetProxy = 55370F8127CE3C63006CF5CB /* PBXContainerItemProxy */;
		};
		55370F8C27CE3C63006CF5CB /* PBXTargetDependency */ = {
			isa = PBXTargetDependency;
			target = 55370F6F27CE3C62006CF5CB /* MovieList */;
			targetProxy = 55370F8B27CE3C63006CF5CB /* PBXContainerItemProxy */;
		};
/* End PBXTargetDependency section */

/* Begin XCBuildConfiguration section */
		55370F9227CE3C63006CF5CB /* Debug */ = {
			isa = XCBuildConfiguration;
			buildSettings = {
				ALWAYS_SEARCH_USER_PATHS = NO;
				CLANG_ANALYZER_NONNULL = YES;
				CLANG_ANALYZER_NUMBER_OBJECT_CONVERSION = YES_AGGRESSIVE;
				CLANG_CXX_LANGUAGE_STANDARD = "gnu++17";
				CLANG_CXX_LIBRARY = "libc++";
				CLANG_ENABLE_MODULES = YES;
				CLANG_ENABLE_OBJC_ARC = YES;
				CLANG_ENABLE_OBJC_WEAK = YES;
				CLANG_WARN_BLOCK_CAPTURE_AUTORELEASING = YES;
				CLANG_WARN_BOOL_CONVERSION = YES;
				CLANG_WARN_COMMA = YES;
				CLANG_WARN_CONSTANT_CONVERSION = YES;
				CLANG_WARN_DEPRECATED_OBJC_IMPLEMENTATIONS = YES;
				CLANG_WARN_DIRECT_OBJC_ISA_USAGE = YES_ERROR;
				CLANG_WARN_DOCUMENTATION_COMMENTS = YES;
				CLANG_WARN_EMPTY_BODY = YES;
				CLANG_WARN_ENUM_CONVERSION = YES;
				CLANG_WARN_INFINITE_RECURSION = YES;
				CLANG_WARN_INT_CONVERSION = YES;
				CLANG_WARN_NON_LITERAL_NULL_CONVERSION = YES;
				CLANG_WARN_OBJC_IMPLICIT_RETAIN_SELF = YES;
				CLANG_WARN_OBJC_LITERAL_CONVERSION = YES;
				CLANG_WARN_OBJC_ROOT_CLASS = YES_ERROR;
				CLANG_WARN_QUOTED_INCLUDE_IN_FRAMEWORK_HEADER = YES;
				CLANG_WARN_RANGE_LOOP_ANALYSIS = YES;
				CLANG_WARN_STRICT_PROTOTYPES = YES;
				CLANG_WARN_SUSPICIOUS_MOVE = YES;
				CLANG_WARN_UNGUARDED_AVAILABILITY = YES_AGGRESSIVE;
				CLANG_WARN_UNREACHABLE_CODE = YES;
				CLANG_WARN__DUPLICATE_METHOD_MATCH = YES;
				COPY_PHASE_STRIP = NO;
				DEBUG_INFORMATION_FORMAT = dwarf;
				ENABLE_STRICT_OBJC_MSGSEND = YES;
				ENABLE_TESTABILITY = YES;
				GCC_C_LANGUAGE_STANDARD = gnu11;
				GCC_DYNAMIC_NO_PIC = NO;
				GCC_NO_COMMON_BLOCKS = YES;
				GCC_OPTIMIZATION_LEVEL = 0;
				GCC_PREPROCESSOR_DEFINITIONS = (
					"DEBUG=1",
					"$(inherited)",
				);
				GCC_WARN_64_TO_32_BIT_CONVERSION = YES;
				GCC_WARN_ABOUT_RETURN_TYPE = YES_ERROR;
				GCC_WARN_UNDECLARED_SELECTOR = YES;
				GCC_WARN_UNINITIALIZED_AUTOS = YES_AGGRESSIVE;
				GCC_WARN_UNUSED_FUNCTION = YES;
				GCC_WARN_UNUSED_VARIABLE = YES;
				IPHONEOS_DEPLOYMENT_TARGET = 15.2;
				MTL_ENABLE_DEBUG_INFO = INCLUDE_SOURCE;
				MTL_FAST_MATH = YES;
				ONLY_ACTIVE_ARCH = YES;
				SDKROOT = iphoneos;
				SWIFT_ACTIVE_COMPILATION_CONDITIONS = DEBUG;
				SWIFT_OPTIMIZATION_LEVEL = "-Onone";
			};
			name = Debug;
		};
		55370F9327CE3C63006CF5CB /* Release */ = {
			isa = XCBuildConfiguration;
			buildSettings = {
				ALWAYS_SEARCH_USER_PATHS = NO;
				CLANG_ANALYZER_NONNULL = YES;
				CLANG_ANALYZER_NUMBER_OBJECT_CONVERSION = YES_AGGRESSIVE;
				CLANG_CXX_LANGUAGE_STANDARD = "gnu++17";
				CLANG_CXX_LIBRARY = "libc++";
				CLANG_ENABLE_MODULES = YES;
				CLANG_ENABLE_OBJC_ARC = YES;
				CLANG_ENABLE_OBJC_WEAK = YES;
				CLANG_WARN_BLOCK_CAPTURE_AUTORELEASING = YES;
				CLANG_WARN_BOOL_CONVERSION = YES;
				CLANG_WARN_COMMA = YES;
				CLANG_WARN_CONSTANT_CONVERSION = YES;
				CLANG_WARN_DEPRECATED_OBJC_IMPLEMENTATIONS = YES;
				CLANG_WARN_DIRECT_OBJC_ISA_USAGE = YES_ERROR;
				CLANG_WARN_DOCUMENTATION_COMMENTS = YES;
				CLANG_WARN_EMPTY_BODY = YES;
				CLANG_WARN_ENUM_CONVERSION = YES;
				CLANG_WARN_INFINITE_RECURSION = YES;
				CLANG_WARN_INT_CONVERSION = YES;
				CLANG_WARN_NON_LITERAL_NULL_CONVERSION = YES;
				CLANG_WARN_OBJC_IMPLICIT_RETAIN_SELF = YES;
				CLANG_WARN_OBJC_LITERAL_CONVERSION = YES;
				CLANG_WARN_OBJC_ROOT_CLASS = YES_ERROR;
				CLANG_WARN_QUOTED_INCLUDE_IN_FRAMEWORK_HEADER = YES;
				CLANG_WARN_RANGE_LOOP_ANALYSIS = YES;
				CLANG_WARN_STRICT_PROTOTYPES = YES;
				CLANG_WARN_SUSPICIOUS_MOVE = YES;
				CLANG_WARN_UNGUARDED_AVAILABILITY = YES_AGGRESSIVE;
				CLANG_WARN_UNREACHABLE_CODE = YES;
				CLANG_WARN__DUPLICATE_METHOD_MATCH = YES;
				COPY_PHASE_STRIP = NO;
				DEBUG_INFORMATION_FORMAT = "dwarf-with-dsym";
				ENABLE_NS_ASSERTIONS = NO;
				ENABLE_STRICT_OBJC_MSGSEND = YES;
				GCC_C_LANGUAGE_STANDARD = gnu11;
				GCC_NO_COMMON_BLOCKS = YES;
				GCC_WARN_64_TO_32_BIT_CONVERSION = YES;
				GCC_WARN_ABOUT_RETURN_TYPE = YES_ERROR;
				GCC_WARN_UNDECLARED_SELECTOR = YES;
				GCC_WARN_UNINITIALIZED_AUTOS = YES_AGGRESSIVE;
				GCC_WARN_UNUSED_FUNCTION = YES;
				GCC_WARN_UNUSED_VARIABLE = YES;
				IPHONEOS_DEPLOYMENT_TARGET = 15.2;
				MTL_ENABLE_DEBUG_INFO = NO;
				MTL_FAST_MATH = YES;
				SDKROOT = iphoneos;
				SWIFT_COMPILATION_MODE = wholemodule;
				SWIFT_OPTIMIZATION_LEVEL = "-O";
				VALIDATE_PRODUCT = YES;
			};
			name = Release;
		};
		55370F9527CE3C63006CF5CB /* Debug */ = {
			isa = XCBuildConfiguration;
			buildSettings = {
				ASSETCATALOG_COMPILER_APPICON_NAME = AppIcon;
				ASSETCATALOG_COMPILER_GLOBAL_ACCENT_COLOR_NAME = AccentColor;
				CODE_SIGN_STYLE = Automatic;
				CURRENT_PROJECT_VERSION = 1;
				DEVELOPMENT_ASSET_PATHS = "\"MovieList/Preview Content\"";
				DEVELOPMENT_TEAM = 77UZW7MJF2;
				ENABLE_PREVIEWS = YES;
				GENERATE_INFOPLIST_FILE = YES;
				INFOPLIST_KEY_UIApplicationSceneManifest_Generation = YES;
				INFOPLIST_KEY_UIApplicationSupportsIndirectInputEvents = YES;
				INFOPLIST_KEY_UILaunchScreen_Generation = YES;
				INFOPLIST_KEY_UISupportedInterfaceOrientations_iPad = "UIInterfaceOrientationPortrait UIInterfaceOrientationPortraitUpsideDown UIInterfaceOrientationLandscapeLeft UIInterfaceOrientationLandscapeRight";
				INFOPLIST_KEY_UISupportedInterfaceOrientations_iPhone = "UIInterfaceOrientationPortrait UIInterfaceOrientationLandscapeLeft UIInterfaceOrientationLandscapeRight";
				LD_RUNPATH_SEARCH_PATHS = (
					"$(inherited)",
					"@executable_path/Frameworks",
				);
				MARKETING_VERSION = 1.0;
				PRODUCT_BUNDLE_IDENTIFIER = com.joakimandersson.MovieList;
				PRODUCT_NAME = "$(TARGET_NAME)";
				SWIFT_EMIT_LOC_STRINGS = YES;
				SWIFT_VERSION = 5.0;
				TARGETED_DEVICE_FAMILY = "1,2";
			};
			name = Debug;
		};
		55370F9627CE3C63006CF5CB /* Release */ = {
			isa = XCBuildConfiguration;
			buildSettings = {
				ASSETCATALOG_COMPILER_APPICON_NAME = AppIcon;
				ASSETCATALOG_COMPILER_GLOBAL_ACCENT_COLOR_NAME = AccentColor;
				CODE_SIGN_STYLE = Automatic;
				CURRENT_PROJECT_VERSION = 1;
				DEVELOPMENT_ASSET_PATHS = "\"MovieList/Preview Content\"";
				DEVELOPMENT_TEAM = 77UZW7MJF2;
				ENABLE_PREVIEWS = YES;
				GENERATE_INFOPLIST_FILE = YES;
				INFOPLIST_KEY_UIApplicationSceneManifest_Generation = YES;
				INFOPLIST_KEY_UIApplicationSupportsIndirectInputEvents = YES;
				INFOPLIST_KEY_UILaunchScreen_Generation = YES;
				INFOPLIST_KEY_UISupportedInterfaceOrientations_iPad = "UIInterfaceOrientationPortrait UIInterfaceOrientationPortraitUpsideDown UIInterfaceOrientationLandscapeLeft UIInterfaceOrientationLandscapeRight";
				INFOPLIST_KEY_UISupportedInterfaceOrientations_iPhone = "UIInterfaceOrientationPortrait UIInterfaceOrientationLandscapeLeft UIInterfaceOrientationLandscapeRight";
				LD_RUNPATH_SEARCH_PATHS = (
					"$(inherited)",
					"@executable_path/Frameworks",
				);
				MARKETING_VERSION = 1.0;
				PRODUCT_BUNDLE_IDENTIFIER = com.joakimandersson.MovieList;
				PRODUCT_NAME = "$(TARGET_NAME)";
				SWIFT_EMIT_LOC_STRINGS = YES;
				SWIFT_VERSION = 5.0;
				TARGETED_DEVICE_FAMILY = "1,2";
			};
			name = Release;
		};
		55370F9827CE3C63006CF5CB /* Debug */ = {
			isa = XCBuildConfiguration;
			buildSettings = {
				ALWAYS_EMBED_SWIFT_STANDARD_LIBRARIES = YES;
				BUNDLE_LOADER = "$(TEST_HOST)";
				CODE_SIGN_STYLE = Automatic;
				CURRENT_PROJECT_VERSION = 1;
				DEVELOPMENT_TEAM = 77UZW7MJF2;
				GENERATE_INFOPLIST_FILE = YES;
				IPHONEOS_DEPLOYMENT_TARGET = 15.2;
				MARKETING_VERSION = 1.0;
				PRODUCT_BUNDLE_IDENTIFIER = com.joakimandersson.MovieListTests;
				PRODUCT_NAME = "$(TARGET_NAME)";
				SWIFT_EMIT_LOC_STRINGS = NO;
				SWIFT_VERSION = 5.0;
				TARGETED_DEVICE_FAMILY = "1,2";
				TEST_HOST = "$(BUILT_PRODUCTS_DIR)/MovieList.app/MovieList";
			};
			name = Debug;
		};
		55370F9927CE3C63006CF5CB /* Release */ = {
			isa = XCBuildConfiguration;
			buildSettings = {
				ALWAYS_EMBED_SWIFT_STANDARD_LIBRARIES = YES;
				BUNDLE_LOADER = "$(TEST_HOST)";
				CODE_SIGN_STYLE = Automatic;
				CURRENT_PROJECT_VERSION = 1;
				DEVELOPMENT_TEAM = 77UZW7MJF2;
				GENERATE_INFOPLIST_FILE = YES;
				IPHONEOS_DEPLOYMENT_TARGET = 15.2;
				MARKETING_VERSION = 1.0;
				PRODUCT_BUNDLE_IDENTIFIER = com.joakimandersson.MovieListTests;
				PRODUCT_NAME = "$(TARGET_NAME)";
				SWIFT_EMIT_LOC_STRINGS = NO;
				SWIFT_VERSION = 5.0;
				TARGETED_DEVICE_FAMILY = "1,2";
				TEST_HOST = "$(BUILT_PRODUCTS_DIR)/MovieList.app/MovieList";
			};
			name = Release;
		};
		55370F9B27CE3C63006CF5CB /* Debug */ = {
			isa = XCBuildConfiguration;
			buildSettings = {
				ALWAYS_EMBED_SWIFT_STANDARD_LIBRARIES = YES;
				CODE_SIGN_STYLE = Automatic;
				CURRENT_PROJECT_VERSION = 1;
				DEVELOPMENT_TEAM = 77UZW7MJF2;
				GENERATE_INFOPLIST_FILE = YES;
				MARKETING_VERSION = 1.0;
				PRODUCT_BUNDLE_IDENTIFIER = com.joakimandersson.MovieListUITests;
				PRODUCT_NAME = "$(TARGET_NAME)";
				SWIFT_EMIT_LOC_STRINGS = NO;
				SWIFT_VERSION = 5.0;
				TARGETED_DEVICE_FAMILY = "1,2";
				TEST_TARGET_NAME = MovieList;
			};
			name = Debug;
		};
		55370F9C27CE3C63006CF5CB /* Release */ = {
			isa = XCBuildConfiguration;
			buildSettings = {
				ALWAYS_EMBED_SWIFT_STANDARD_LIBRARIES = YES;
				CODE_SIGN_STYLE = Automatic;
				CURRENT_PROJECT_VERSION = 1;
				DEVELOPMENT_TEAM = 77UZW7MJF2;
				GENERATE_INFOPLIST_FILE = YES;
				MARKETING_VERSION = 1.0;
				PRODUCT_BUNDLE_IDENTIFIER = com.joakimandersson.MovieListUITests;
				PRODUCT_NAME = "$(TARGET_NAME)";
				SWIFT_EMIT_LOC_STRINGS = NO;
				SWIFT_VERSION = 5.0;
				TARGETED_DEVICE_FAMILY = "1,2";
				TEST_TARGET_NAME = MovieList;
			};
			name = Release;
		};
/* End XCBuildConfiguration section */

/* Begin XCConfigurationList section */
		55370F6B27CE3C62006CF5CB /* Build configuration list for PBXProject "MovieList" */ = {
			isa = XCConfigurationList;
			buildConfigurations = (
				55370F9227CE3C63006CF5CB /* Debug */,
				55370F9327CE3C63006CF5CB /* Release */,
			);
			defaultConfigurationIsVisible = 0;
			defaultConfigurationName = Release;
		};
		55370F9427CE3C63006CF5CB /* Build configuration list for PBXNativeTarget "MovieList" */ = {
			isa = XCConfigurationList;
			buildConfigurations = (
				55370F9527CE3C63006CF5CB /* Debug */,
				55370F9627CE3C63006CF5CB /* Release */,
			);
			defaultConfigurationIsVisible = 0;
			defaultConfigurationName = Release;
		};
		55370F9727CE3C63006CF5CB /* Build configuration list for PBXNativeTarget "MovieListTests" */ = {
			isa = XCConfigurationList;
			buildConfigurations = (
				55370F9827CE3C63006CF5CB /* Debug */,
				55370F9927CE3C63006CF5CB /* Release */,
			);
			defaultConfigurationIsVisible = 0;
			defaultConfigurationName = Release;
		};
		55370F9A27CE3C63006CF5CB /* Build configuration list for PBXNativeTarget "MovieListUITests" */ = {
			isa = XCConfigurationList;
			buildConfigurations = (
				55370F9B27CE3C63006CF5CB /* Debug */,
				55370F9C27CE3C63006CF5CB /* Release */,
			);
			defaultConfigurationIsVisible = 0;
			defaultConfigurationName = Release;
		};
/* End XCConfigurationList section */

/* Begin XCVersionGroup section */
		55DE9E6327E07AB7000AF7C1 /* MovieList.xcdatamodeld */ = {
			isa = XCVersionGroup;
			children = (
				55DE9E6427E07AB7000AF7C1 /* MovieList.xcdatamodel */,
			);
			currentVersion = 55DE9E6427E07AB7000AF7C1 /* MovieList.xcdatamodel */;
			path = MovieList.xcdatamodeld;
			sourceTree = "<group>";
			versionGroupType = wrapper.xcdatamodel;
		};
/* End XCVersionGroup section */
	};
	rootObject = 55370F6827CE3C62006CF5CB /* Project object */;
}
